
Microsoft Visual Studio Solution File, Format Version 12.00
# Visual Studio Version 17
VisualStudioVersion = 17.0.32014.148
MinimumVisualStudioVersion = 10.0.40219.1
Project("{FAE04EC0-301F-11D3-BF4B-00C04F79EFBC}") = "EmployeeCRUD", "EmployeeCRUD\EmployeeCRUD.csproj", "{041D86DD-049E-443B-BBCC-1BE29587BD25}"
EndProject
Global
	GlobalSection(SolutionConfigurationPlatforms) = preSolution
		Debug|Any CPU = Debug|Any CPU
		Release|Any CPU = Release|Any CPU
	EndGlobalSection
	GlobalSection(ProjectConfigurationPlatforms) = postSolution
		{041D86DD-049E-443B-BBCC-1BE29587BD25}.Debug|Any CPU.ActiveCfg = Debug|Any CPU
		{041D86DD-049E-443B-BBCC-1BE29587BD25}.Debug|Any CPU.Build.0 = Debug|Any CPU
		{041D86DD-049E-443B-BBCC-1BE29587BD25}.Release|Any CPU.ActiveCfg = Release|Any CPU
		{041D86DD-049E-443B-BBCC-1BE29587BD25}.Release|Any CPU.Build.0 = Release|Any CPU
	EndGlobalSection
	GlobalSection(SolutionProperties) = preSolution
		HideSolutionNode = FALSE
	EndGlobalSection
	GlobalSection(ExtensibilityGlobals) = postSolution
		SolutionGuid = {99926394-BDE4-4599-8759-18A359FD0081}
	EndGlobalSection
EndGlobal
